
Microsoft Visual Studio Solution File, Format Version 12.00
# Visual Studio 2013
VisualStudioVersion = 12.0.40629.0
MinimumVisualStudioVersion = 10.0.40219.1
Project("{FAE04EC0-301F-11D3-BF4B-00C04F79EFBC}") = "Ninject_Model", "Ninject_Model\Ninject_Model.csproj", "{DF1DDFE7-E052-4A42-AFC0-9A9909305011}"
EndProject
Project("{FAE04EC0-301F-11D3-BF4B-00C04F79EFBC}") = "Ninject_WebApi", "Ninject_WebApi\Ninject_WebApi.csproj", "{8ECC4345-B743-4CDC-BE47-348AAD6546AB}"
EndProject
Global
	GlobalSection(SolutionConfigurationPlatforms) = preSolution
		Debug|Any CPU = Debug|Any CPU
		Release|Any CPU = Release|Any CPU
	EndGlobalSection
	GlobalSection(ProjectConfigurationPlatforms) = postSolution
		{DF1DDFE7-E052-4A42-AFC0-9A9909305011}.Debug|Any CPU.ActiveCfg = Debug|Any CPU
		{DF1DDFE7-E052-4A42-AFC0-9A9909305011}.Debug|Any CPU.Build.0 = Debug|Any CPU
		{DF1DDFE7-E052-4A42-AFC0-9A9909305011}.Release|Any CPU.ActiveCfg = Release|Any CPU
		{DF1DDFE7-E052-4A42-AFC0-9A9909305011}.Release|Any CPU.Build.0 = Release|Any CPU
		{8ECC4345-B743-4CDC-BE47-348AAD6546AB}.Debug|Any CPU.ActiveCfg = Debug|Any CPU
		{8ECC4345-B743-4CDC-BE47-348AAD6546AB}.Debug|Any CPU.Build.0 = Debug|Any CPU
		{8ECC4345-B743-4CDC-BE47-348AAD6546AB}.Release|Any CPU.ActiveCfg = Release|Any CPU
		{8ECC4345-B743-4CDC-BE47-348AAD6546AB}.Release|Any CPU.Build.0 = Release|Any CPU
	EndGlobalSection
	GlobalSection(SolutionProperties) = preSolution
		HideSolutionNode = FALSE
	EndGlobalSection
EndGlobal
